
Microsoft Visual Studio Solution File, Format Version 12.00
# Visual Studio 15
VisualStudioVersion = 15.0.26730.3
MinimumVisualStudioVersion = 10.0.40219.1
Project("{2150E333-8FDC-42A3-9474-1A3956D46DE8}") = "test", "test", "{610664E1-A8A2-4D43-9C95-C38134EFB98C}"
	ProjectSection(SolutionItems) = preProject
		Light.Data.Mssql.Test\lightdata.json = Light.Data.Mssql.Test\lightdata.json
	EndProjectSection
EndProject
Project("{2150E333-8FDC-42A3-9474-1A3956D46DE8}") = "src", "src", "{56C8D8B4-0FD9-4986-A25A-26590FC82352}"
EndProject
Project("{2150E333-8FDC-42A3-9474-1A3956D46DE8}") = "sample", "sample", "{1B6D7247-1D49-4DBF-8182-0A4ACE26FAB8}"
EndProject
Project("{9A19103F-16F7-4668-BE54-9A1E7A4F7556}") = "Light.Data", "src\Light.Data\Light.Data.csproj", "{F991D32F-4393-4B21-8AB1-17F41000036D}"
EndProject
Project("{9A19103F-16F7-4668-BE54-9A1E7A4F7556}") = "Light.Data.Test", "test\Light.Data.Test\Light.Data.Test.csproj", "{369C8B8D-3AC5-4069-8C75-64759E81C6C5}"
EndProject
Project("{9A19103F-16F7-4668-BE54-9A1E7A4F7556}") = "Light.Data.Sample", "sample\Light.Data.Sample\Light.Data.Sample.csproj", "{5B96B629-77CB-4C01-877D-07A0AFA4B9B5}"
EndProject
Project("{2150E333-8FDC-42A3-9474-1A3956D46DE8}") = "template", "template", "{586CBA9C-9AC2-4DA6-9482-D6CB955F1298}"
	ProjectSection(SolutionItems) = preProject
		template\Mssql_Config.tt = template\Mssql_Config.tt
		template\Mssql_Model.tt = template\Mssql_Model.tt
		template\Mysql_Config.tt = template\Mysql_Config.tt
		template\Mysql_Model.tt = template\Mysql_Model.tt
		template\Postgre_Config.tt = template\Postgre_Config.tt
		template\Postgre_Model.tt = template\Postgre_Model.tt
	EndProjectSection
EndProject
Project("{9A19103F-16F7-4668-BE54-9A1E7A4F7556}") = "Light.Data.Mysql", "src\Light.Data.Mysql\Light.Data.Mysql.csproj", "{1292DEB4-AE13-466A-9071-17B45BEB46C0}"
EndProject
Project("{9A19103F-16F7-4668-BE54-9A1E7A4F7556}") = "Light.Data.Mysql.Test", "test\Light.Data.Mysql.Test\Light.Data.Mysql.Test.csproj", "{292AF9ED-4F80-4D93-BAE2-BD18F6560C6A}"
EndProject
Project("{9A19103F-16F7-4668-BE54-9A1E7A4F7556}") = "Light.Data.Postgre", "src\Light.Data.Postgre\Light.Data.Postgre.csproj", "{5E9AE30D-D367-4482-9AF4-E9226465C78F}"
EndProject
Project("{9A19103F-16F7-4668-BE54-9A1E7A4F7556}") = "Light.Data.Postgre.Test", "test\Light.Data.Postgre.Test\Light.Data.Postgre.Test.csproj", "{1F2D696A-53B1-4E31-83F6-E33E580DE167}"
EndProject
Project("{9A19103F-16F7-4668-BE54-9A1E7A4F7556}") = "Light.Data.Mssql", "src\Light.Data.Mssql\Light.Data.Mssql.csproj", "{3789649D-004D-4C02-8A67-813ACFF6B399}"
EndProject
Project("{9A19103F-16F7-4668-BE54-9A1E7A4F7556}") = "Light.Data.Mssql.Test", "Light.Data.Mssql.Test\Light.Data.Mssql.Test.csproj", "{01A70F29-E5FB-45F3-8545-88A0B2CC3484}"
EndProject
Global
	GlobalSection(SolutionConfigurationPlatforms) = preSolution
		Debug|Any CPU = Debug|Any CPU
		Release|Any CPU = Release|Any CPU
	EndGlobalSection
	GlobalSection(ProjectConfigurationPlatforms) = postSolution
		{F991D32F-4393-4B21-8AB1-17F41000036D}.Debug|Any CPU.ActiveCfg = Debug|Any CPU
		{F991D32F-4393-4B21-8AB1-17F41000036D}.Debug|Any CPU.Build.0 = Debug|Any CPU
		{F991D32F-4393-4B21-8AB1-17F41000036D}.Release|Any CPU.ActiveCfg = Release|Any CPU
		{F991D32F-4393-4B21-8AB1-17F41000036D}.Release|Any CPU.Build.0 = Release|Any CPU
		{369C8B8D-3AC5-4069-8C75-64759E81C6C5}.Debug|Any CPU.ActiveCfg = Debug|Any CPU
		{369C8B8D-3AC5-4069-8C75-64759E81C6C5}.Debug|Any CPU.Build.0 = Debug|Any CPU
		{369C8B8D-3AC5-4069-8C75-64759E81C6C5}.Release|Any CPU.ActiveCfg = Release|Any CPU
		{369C8B8D-3AC5-4069-8C75-64759E81C6C5}.Release|Any CPU.Build.0 = Release|Any CPU
		{5B96B629-77CB-4C01-877D-07A0AFA4B9B5}.Debug|Any CPU.ActiveCfg = Debug|Any CPU
		{5B96B629-77CB-4C01-877D-07A0AFA4B9B5}.Debug|Any CPU.Build.0 = Debug|Any CPU
		{5B96B629-77CB-4C01-877D-07A0AFA4B9B5}.Release|Any CPU.ActiveCfg = Release|Any CPU
		{5B96B629-77CB-4C01-877D-07A0AFA4B9B5}.Release|Any CPU.Build.0 = Release|Any CPU
		{1292DEB4-AE13-466A-9071-17B45BEB46C0}.Debug|Any CPU.ActiveCfg = Debug|Any CPU
		{1292DEB4-AE13-466A-9071-17B45BEB46C0}.Debug|Any CPU.Build.0 = Debug|Any CPU
		{1292DEB4-AE13-466A-9071-17B45BEB46C0}.Release|Any CPU.ActiveCfg = Release|Any CPU
		{1292DEB4-AE13-466A-9071-17B45BEB46C0}.Release|Any CPU.Build.0 = Release|Any CPU
		{292AF9ED-4F80-4D93-BAE2-BD18F6560C6A}.Debug|Any CPU.ActiveCfg = Debug|Any CPU
		{292AF9ED-4F80-4D93-BAE2-BD18F6560C6A}.Debug|Any CPU.Build.0 = Debug|Any CPU
		{292AF9ED-4F80-4D93-BAE2-BD18F6560C6A}.Release|Any CPU.ActiveCfg = Release|Any CPU
		{292AF9ED-4F80-4D93-BAE2-BD18F6560C6A}.Release|Any CPU.Build.0 = Release|Any CPU
		{5E9AE30D-D367-4482-9AF4-E9226465C78F}.Debug|Any CPU.ActiveCfg = Debug|Any CPU
		{5E9AE30D-D367-4482-9AF4-E9226465C78F}.Debug|Any CPU.Build.0 = Debug|Any CPU
		{5E9AE30D-D367-4482-9AF4-E9226465C78F}.Release|Any CPU.ActiveCfg = Release|Any CPU
		{5E9AE30D-D367-4482-9AF4-E9226465C78F}.Release|Any CPU.Build.0 = Release|Any CPU
		{1F2D696A-53B1-4E31-83F6-E33E580DE167}.Debug|Any CPU.ActiveCfg = Debug|Any CPU
		{1F2D696A-53B1-4E31-83F6-E33E580DE167}.Debug|Any CPU.Build.0 = Debug|Any CPU
		{1F2D696A-53B1-4E31-83F6-E33E580DE167}.Release|Any CPU.ActiveCfg = Release|Any CPU
		{1F2D696A-53B1-4E31-83F6-E33E580DE167}.Release|Any CPU.Build.0 = Release|Any CPU
		{3789649D-004D-4C02-8A67-813ACFF6B399}.Debug|Any CPU.ActiveCfg = Debug|Any CPU
		{3789649D-004D-4C02-8A67-813ACFF6B399}.Debug|Any CPU.Build.0 = Debug|Any CPU
		{3789649D-004D-4C02-8A67-813ACFF6B399}.Release|Any CPU.ActiveCfg = Release|Any CPU
		{3789649D-004D-4C02-8A67-813ACFF6B399}.Release|Any CPU.Build.0 = Release|Any CPU
		{01A70F29-E5FB-45F3-8545-88A0B2CC3484}.Debug|Any CPU.ActiveCfg = Debug|Any CPU
		{01A70F29-E5FB-45F3-8545-88A0B2CC3484}.Debug|Any CPU.Build.0 = Debug|Any CPU
		{01A70F29-E5FB-45F3-8545-88A0B2CC3484}.Release|Any CPU.ActiveCfg = Release|Any CPU
		{01A70F29-E5FB-45F3-8545-88A0B2CC3484}.Release|Any CPU.Build.0 = Release|Any CPU
	EndGlobalSection
	GlobalSection(SolutionProperties) = preSolution
		HideSolutionNode = FALSE
	EndGlobalSection
	GlobalSection(NestedProjects) = preSolution
		{F991D32F-4393-4B21-8AB1-17F41000036D} = {56C8D8B4-0FD9-4986-A25A-26590FC82352}
		{369C8B8D-3AC5-4069-8C75-64759E81C6C5} = {610664E1-A8A2-4D43-9C95-C38134EFB98C}
		{5B96B629-77CB-4C01-877D-07A0AFA4B9B5} = {1B6D7247-1D49-4DBF-8182-0A4ACE26FAB8}
		{1292DEB4-AE13-466A-9071-17B45BEB46C0} = {56C8D8B4-0FD9-4986-A25A-26590FC82352}
		{292AF9ED-4F80-4D93-BAE2-BD18F6560C6A} = {610664E1-A8A2-4D43-9C95-C38134EFB98C}
		{5E9AE30D-D367-4482-9AF4-E9226465C78F} = {56C8D8B4-0FD9-4986-A25A-26590FC82352}
		{1F2D696A-53B1-4E31-83F6-E33E580DE167} = {610664E1-A8A2-4D43-9C95-C38134EFB98C}
		{3789649D-004D-4C02-8A67-813ACFF6B399} = {56C8D8B4-0FD9-4986-A25A-26590FC82352}
		{01A70F29-E5FB-45F3-8545-88A0B2CC3484} = {610664E1-A8A2-4D43-9C95-C38134EFB98C}
	EndGlobalSection
	GlobalSection(ExtensibilityGlobals) = postSolution
		SolutionGuid = {968D3971-87BC-4D6C-9CCE-4FA5B7F744C3}
	EndGlobalSection
EndGlobal
